{
  "name": "anonymous-object-type-literal",
  "version": "1.0.0",
  "lockfileVersion": 3,
  "requires": true,
  "packages": {
    "": {
      "name": "anonymous-object-type-literal",
      "version": "1.0.0",
      "dependencies": {
        "@tsonic/globals": "^0.3.3"
      }
    },
    "node_modules/@tsonic/core": {
      "version": "0.1.2",
      "resolved": "https://registry.npmjs.org/@tsonic/core/-/core-0.1.2.tgz",
      "integrity": "sha512-AE0AZ29gdA3kwI5qDcd+OxoPEyMAUHVxgYQ2uLQc9K1bj3W+2Erluut0iDXtrjCfJu9FD0lSg9TtVzsvjw+5Gw==",
      "license": "MIT",
      "peer": true
    },
    "node_modules/@tsonic/dotnet": {
      "version": "0.7.9",
      "resolved": "https://registry.npmjs.org/@tsonic/dotnet/-/dotnet-0.7.9.tgz",
      "integrity": "sha512-edsicWNz3SZgsbu073DB5ZhCpNYRttIIkH7ohYYTe97DTfLID/e0PERFdF/FjY09/0btixU+I/+xCy//oYFSPA==",
      "license": "MIT",
      "peerDependencies": {
        "@tsonic/core": "^0.1.1"
      }
    },
    "node_modules/@tsonic/globals": {
      "version": "0.3.3",
      "resolved": "https://registry.npmjs.org/@tsonic/globals/-/globals-0.3.3.tgz",
      "integrity": "sha512-4KjzWLdbonyvwdjjhORwK2KF+a3D1jt6MqXHwziwKdzqDy7NQ2wR2xD5WgkyOV+gFeRrWePW9VrZCLIAChNLIQ==",
      "license": "MIT",
      "dependencies": {
        "@tsonic/dotnet": "^0.7.9"
      }
    }
  }
}
