{
  "name": "tsonic-e2e-test",
  "version": "1.0.0",
  "lockfileVersion": 3,
  "requires": true,
  "packages": {
    "": {
      "name": "tsonic-e2e-test",
      "version": "1.0.0",
      "dependencies": {
        "@tsonic/dotnet": "^0.7.4",
        "@tsonic/dotnet-globals": "^0.1.4"
      }
    },
    "node_modules/@tsonic/dotnet": {
      "version": "0.7.4",
      "resolved": "https://registry.npmjs.org/@tsonic/dotnet/-/dotnet-0.7.4.tgz",
      "integrity": "sha512-tHQ7t0wkMNNUD7CCBjWJMA13lRz/kZ0btu+CPwrg9DrIIeQSC/K58euvw2mfqhTOZMvuPMN3FDrtwxOJkH226A==",
      "license": "MIT",
      "dependencies": {
        "@tsonic/types": "^0.2.0"
      }
    },
    "node_modules/@tsonic/dotnet-globals": {
      "version": "0.1.4",
      "resolved": "https://registry.npmjs.org/@tsonic/dotnet-globals/-/dotnet-globals-0.1.4.tgz",
      "integrity": "sha512-zXdJk87XuegbMWPqlF7gfwivZWwtBxBNyaYY5Y7jwEPlgS4wRANfNX8wcpJxMTc9hlYmX52pVvuwjRIfza09wQ==",
      "license": "MIT"
    },
    "node_modules/@tsonic/types": {
      "version": "0.2.0",
      "resolved": "https://registry.npmjs.org/@tsonic/types/-/types-0.2.0.tgz",
      "integrity": "sha512-g0gAEG+wz/bL3PS45uIIRKEtOHn4UsCaqiWe3o0QUeqptYQ2j9NJK5wb4YJtHNVWqUsw5xkF02jJXO5Srqn7NQ==",
      "license": "MIT"
    }
  }
}
