{
  "name": "@tsonic/monorepo",
  "version": "0.0.1",
  "lockfileVersion": 3,
  "requires": true,
  "packages": {
    "": {
      "name": "@tsonic/monorepo",
      "version": "0.0.1",
      "license": "MIT",
      "workspaces": [
        "packages/tsts",
        "packages/source-core",
        "packages/target-api",
        "packages/host",
        "packages/cli"
      ],
      "devDependencies": {
        "@types/node": "25.9.1",
        "@typescript/native-preview": "7.0.0-dev.20260617.2"
      },
      "engines": {
        "node": ">=22.18.0"
      }
    },
    "node_modules/@tsonic/cli": {
      "resolved": "packages/cli",
      "link": true
    },
    "node_modules/@tsonic/host": {
      "resolved": "packages/host",
      "link": true
    },
    "node_modules/@tsonic/source-core": {
      "resolved": "packages/source-core",
      "link": true
    },
    "node_modules/@tsonic/target-api": {
      "resolved": "packages/target-api",
      "link": true
    },
    "node_modules/@tsonic/tsts": {
      "resolved": "packages/tsts",
      "link": true
    },
    "node_modules/@types/node": {
      "version": "25.9.1",
      "resolved": "https://registry.npmjs.org/@types/node/-/node-25.9.1.tgz",
      "integrity": "sha512-xfrlY7UD5rMJk3ZVJP8BNzS28J36YJg+xp+LPXV1TdWxr8uMH5A860QNxYDGQe/ylDSgjxE52Q9VnO7p75tJxg==",
      "dev": true,
      "license": "MIT",
      "dependencies": {
        "undici-types": ">=7.24.0 <7.24.7"
      }
    },
    "node_modules/@typescript/native-preview": {
      "version": "7.0.0-dev.20260617.2",
      "resolved": "https://registry.npmjs.org/@typescript/native-preview/-/native-preview-7.0.0-dev.20260617.2.tgz",
      "integrity": "sha512-PvEU1RcMgON18fb65PW8xkAD1X270kjvC6BjE3c6YMe6T4cmXxOPYuNQWGIBTpeNSxN2yW1qUlHdMxKgUYuKxQ==",
      "dev": true,
      "license": "Apache-2.0",
      "bin": {
        "tsgo": "bin/tsgo.js"
      },
      "engines": {
        "node": ">=16.20.0"
      },
      "optionalDependencies": {
        "@typescript/native-preview-darwin-arm64": "7.0.0-dev.20260617.2",
        "@typescript/native-preview-darwin-x64": "7.0.0-dev.20260617.2",
        "@typescript/native-preview-linux-arm": "7.0.0-dev.20260617.2",
        "@typescript/native-preview-linux-arm64": "7.0.0-dev.20260617.2",
        "@typescript/native-preview-linux-x64": "7.0.0-dev.20260617.2",
        "@typescript/native-preview-win32-arm64": "7.0.0-dev.20260617.2",
        "@typescript/native-preview-win32-x64": "7.0.0-dev.20260617.2"
      }
    },
    "node_modules/@typescript/native-preview-darwin-arm64": {
      "version": "7.0.0-dev.20260617.2",
      "resolved": "https://registry.npmjs.org/@typescript/native-preview-darwin-arm64/-/native-preview-darwin-arm64-7.0.0-dev.20260617.2.tgz",
      "integrity": "sha512-fr6hLBO+XOUJQ+WDRIbGLDhVOL1vDlrnn086U6QKVu2aT5XtGOcas1KIl2NJOihSgEI5ZRaUGrQsGpeXu0LNwQ==",
      "cpu": [
        "arm64"
      ],
      "dev": true,
      "license": "Apache-2.0",
      "optional": true,
      "os": [
        "darwin"
      ],
      "engines": {
        "node": ">=16.20.0"
      }
    },
    "node_modules/@typescript/native-preview-darwin-x64": {
      "version": "7.0.0-dev.20260617.2",
      "resolved": "https://registry.npmjs.org/@typescript/native-preview-darwin-x64/-/native-preview-darwin-x64-7.0.0-dev.20260617.2.tgz",
      "integrity": "sha512-tJy6NnyvCqD2NgW+izXJ4D8d/xve5W+lkbDMPsX60aqqnS3f9yMuhHLIbj9vnIfB7NMv+xeV5uC2DK3g7FRDZw==",
      "cpu": [
        "x64"
      ],
      "dev": true,
      "license": "Apache-2.0",
      "optional": true,
      "os": [
        "darwin"
      ],
      "engines": {
        "node": ">=16.20.0"
      }
    },
    "node_modules/@typescript/native-preview-linux-arm": {
      "version": "7.0.0-dev.20260617.2",
      "resolved": "https://registry.npmjs.org/@typescript/native-preview-linux-arm/-/native-preview-linux-arm-7.0.0-dev.20260617.2.tgz",
      "integrity": "sha512-uVBcvZ7Z9H3BkIOyC1wpsGb+Mfvnl+Ss6V+4yLJQA9Rh3ghpBIZj0ZAWH7XwdjoazU2zyj8IiJJB5CgeIp3d9w==",
      "cpu": [
        "arm"
      ],
      "dev": true,
      "license": "Apache-2.0",
      "optional": true,
      "os": [
        "linux"
      ],
      "engines": {
        "node": ">=16.20.0"
      }
    },
    "node_modules/@typescript/native-preview-linux-arm64": {
      "version": "7.0.0-dev.20260617.2",
      "resolved": "https://registry.npmjs.org/@typescript/native-preview-linux-arm64/-/native-preview-linux-arm64-7.0.0-dev.20260617.2.tgz",
      "integrity": "sha512-H78Hs/Ycr+i+b3+UToAs16SX+2s/ZZ2jDVXx+EIQ2qxVkQWFkiAg99uFDC6nthLrjw9dyIICwby6ZnwbFW47iQ==",
      "cpu": [
        "arm64"
      ],
      "dev": true,
      "license": "Apache-2.0",
      "optional": true,
      "os": [
        "linux"
      ],
      "engines": {
        "node": ">=16.20.0"
      }
    },
    "node_modules/@typescript/native-preview-linux-x64": {
      "version": "7.0.0-dev.20260617.2",
      "resolved": "https://registry.npmjs.org/@typescript/native-preview-linux-x64/-/native-preview-linux-x64-7.0.0-dev.20260617.2.tgz",
      "integrity": "sha512-KKW/eqJRe1xm2omYPZJvOu7xDspJPVKb8Z6v0MwgzOnRtRTcGRj+nRJX9h9LKTWxyv5D7TU6zNzLlJvNfP8kAQ==",
      "cpu": [
        "x64"
      ],
      "dev": true,
      "license": "Apache-2.0",
      "optional": true,
      "os": [
        "linux"
      ],
      "engines": {
        "node": ">=16.20.0"
      }
    },
    "node_modules/@typescript/native-preview-win32-arm64": {
      "version": "7.0.0-dev.20260617.2",
      "resolved": "https://registry.npmjs.org/@typescript/native-preview-win32-arm64/-/native-preview-win32-arm64-7.0.0-dev.20260617.2.tgz",
      "integrity": "sha512-XsLqZ6nz+fwQqR0lAHYsCOI2BwTsp4iBgdHFIwfjznBnyctPX5WxKZSqmnRxrhQxF+6qKwXplwcfP+2bOCWf/A==",
      "cpu": [
        "arm64"
      ],
      "dev": true,
      "license": "Apache-2.0",
      "optional": true,
      "os": [
        "win32"
      ],
      "engines": {
        "node": ">=16.20.0"
      }
    },
    "node_modules/@typescript/native-preview-win32-x64": {
      "version": "7.0.0-dev.20260617.2",
      "resolved": "https://registry.npmjs.org/@typescript/native-preview-win32-x64/-/native-preview-win32-x64-7.0.0-dev.20260617.2.tgz",
      "integrity": "sha512-+nSSVVhp17R5KHSQw2uO0CGtTGCb9bUeQ/INcUCycVfO0tguwdyoYiuL8enlVkh059MgZW6LjqIhKXQHkGW+Lw==",
      "cpu": [
        "x64"
      ],
      "dev": true,
      "license": "Apache-2.0",
      "optional": true,
      "os": [
        "win32"
      ],
      "engines": {
        "node": ">=16.20.0"
      }
    },
    "node_modules/undici-types": {
      "version": "7.24.6",
      "resolved": "https://registry.npmjs.org/undici-types/-/undici-types-7.24.6.tgz",
      "integrity": "sha512-WRNW+sJgj5OBN4/0JpHFqtqzhpbnV0GuB+OozA9gCL7a993SmU+1JBZCzLNxYsbMfIeDL+lTsphD5jN5N+n0zg==",
      "dev": true,
      "license": "MIT"
    },
    "packages/cli": {
      "name": "@tsonic/cli",
      "version": "0.0.1",
      "dependencies": {
        "@tsonic/host": "0.0.1",
        "@tsonic/target-api": "0.0.1"
      },
      "bin": {
        "tsonic": "dist/src/index.js"
      }
    },
    "packages/host": {
      "name": "@tsonic/host",
      "version": "0.0.1",
      "dependencies": {
        "@tsonic/source-core": "0.0.1",
        "@tsonic/target-api": "0.0.1",
        "@tsonic/tsts": "0.0.0"
      },
      "engines": {
        "node": ">=22.0.0"
      }
    },
    "packages/source-core": {
      "name": "@tsonic/source-core",
      "version": "0.0.1",
      "dependencies": {
        "@tsonic/tsts": "0.0.0"
      },
      "engines": {
        "node": ">=22.0.0"
      }
    },
    "packages/target-api": {
      "name": "@tsonic/target-api",
      "version": "0.0.1",
      "dependencies": {
        "@tsonic/tsts": "0.0.0"
      },
      "engines": {
        "node": ">=22.0.0"
      }
    },
    "packages/tsts": {
      "name": "@tsonic/tsts",
      "version": "0.0.0",
      "bin": {
        "tsts": "dist/src/cli/index.js"
      }
    }
  }
}
