{
  "name": "@tsonic/monorepo",
  "version": "0.0.1",
  "lockfileVersion": 3,
  "requires": true,
  "packages": {
    "": {
      "name": "@tsonic/monorepo",
      "version": "0.0.1",
      "license": "MIT",
      "workspaces": [
        "packages/tsts",
        "packages/source-core",
        "packages/target-api",
        "packages/js-source-profile",
        "packages/host",
        "packages/cli"
      ],
      "devDependencies": {
        "@types/node": "25.9.1",
        "@typescript/native-preview": "7.0.0-dev.20260617.2"
      },
      "engines": {
        "node": ">=22.18.0"
      }
    },
    "../tsonic-csharp": {
      "name": "@tsonic/target-csharp",
      "version": "0.0.1",
      "extraneous": true,
      "dependencies": {
        "@tsonic/csharp-js": "0.0.1",
        "@tsonic/csharp-runtime": "0.0.1"
      },
      "devDependencies": {
        "@tsonic/csharp-js": "file:../csharp-js",
        "@tsonic/csharp-runtime": "file:../csharp-runtime",
        "@tsonic/source-core": "file:../tsonic/packages/source-core",
        "@tsonic/target-api": "file:../tsonic/packages/target-api",
        "@tsonic/tsts": "file:../tsonic/packages/tsts"
      },
      "engines": {
        "node": ">=22.0.0"
      },
      "peerDependencies": {
        "@tsonic/source-core": "0.0.1",
        "@tsonic/target-api": "0.0.1",
        "@tsonic/tsts": "0.0.0"
      }
    },
    "node_modules/@tsonic/cli": {
      "resolved": "packages/cli",
      "link": true
    },
    "node_modules/@tsonic/host": {
      "resolved": "packages/host",
      "link": true
    },
    "node_modules/@tsonic/js-source-profile": {
      "resolved": "packages/js-source-profile",
      "link": true
    },
    "node_modules/@tsonic/source-core": {
      "resolved": "packages/source-core",
      "link": true
    },
    "node_modules/@tsonic/target-api": {
      "resolved": "packages/target-api",
      "link": true
    },
    "node_modules/@tsonic/tsts": {
      "resolved": "packages/tsts",
      "link": true
    },
    "node_modules/@types/node": {
      "version": "25.9.1",
      "dev": true,
      "license": "MIT",
      "dependencies": {
        "undici-types": ">=7.24.0 <7.24.7"
      }
    },
    "node_modules/@typescript/native-preview": {
      "version": "7.0.0-dev.20260617.2",
      "dev": true,
      "license": "Apache-2.0",
      "bin": {
        "tsgo": "bin/tsgo.js"
      },
      "engines": {
        "node": ">=16.20.0"
      },
      "optionalDependencies": {
        "@typescript/native-preview-darwin-arm64": "7.0.0-dev.20260617.2",
        "@typescript/native-preview-darwin-x64": "7.0.0-dev.20260617.2",
        "@typescript/native-preview-linux-arm": "7.0.0-dev.20260617.2",
        "@typescript/native-preview-linux-arm64": "7.0.0-dev.20260617.2",
        "@typescript/native-preview-linux-x64": "7.0.0-dev.20260617.2",
        "@typescript/native-preview-win32-arm64": "7.0.0-dev.20260617.2",
        "@typescript/native-preview-win32-x64": "7.0.0-dev.20260617.2"
      }
    },
    "node_modules/@typescript/native-preview-linux-x64": {
      "version": "7.0.0-dev.20260617.2",
      "cpu": [
        "x64"
      ],
      "dev": true,
      "license": "Apache-2.0",
      "optional": true,
      "os": [
        "linux"
      ],
      "engines": {
        "node": ">=16.20.0"
      }
    },
    "node_modules/@typescript/native-preview/node_modules/@typescript/native-preview-darwin-arm64": {
      "version": "7.0.0-dev.20260617.2",
      "dev": true,
      "optional": true
    },
    "node_modules/@typescript/native-preview/node_modules/@typescript/native-preview-darwin-x64": {
      "version": "7.0.0-dev.20260617.2",
      "dev": true,
      "optional": true
    },
    "node_modules/@typescript/native-preview/node_modules/@typescript/native-preview-linux-arm": {
      "version": "7.0.0-dev.20260617.2",
      "dev": true,
      "optional": true
    },
    "node_modules/@typescript/native-preview/node_modules/@typescript/native-preview-linux-arm64": {
      "version": "7.0.0-dev.20260617.2",
      "dev": true,
      "optional": true
    },
    "node_modules/@typescript/native-preview/node_modules/@typescript/native-preview-win32-arm64": {
      "version": "7.0.0-dev.20260617.2",
      "dev": true,
      "optional": true
    },
    "node_modules/@typescript/native-preview/node_modules/@typescript/native-preview-win32-x64": {
      "version": "7.0.0-dev.20260617.2",
      "dev": true,
      "optional": true
    },
    "node_modules/undici-types": {
      "version": "7.24.6",
      "dev": true,
      "license": "MIT"
    },
    "packages/cli": {
      "name": "@tsonic/cli",
      "version": "0.0.1",
      "dependencies": {
        "@tsonic/host": "0.0.1",
        "@tsonic/target-api": "0.0.1"
      },
      "bin": {
        "tsonic": "dist/src/index.js"
      }
    },
    "packages/host": {
      "name": "@tsonic/host",
      "version": "0.0.1",
      "dependencies": {
        "@tsonic/source-core": "0.0.1",
        "@tsonic/target-api": "0.0.1",
        "@tsonic/tsts": "0.0.0"
      },
      "engines": {
        "node": ">=22.0.0"
      }
    },
    "packages/js-source-profile": {
      "name": "@tsonic/js-source-profile",
      "version": "0.0.1",
      "license": "MIT",
      "engines": {
        "node": ">=22.18.0"
      }
    },
    "packages/source-core": {
      "name": "@tsonic/source-core",
      "version": "0.0.1",
      "dependencies": {
        "@tsonic/tsts": "0.0.0"
      },
      "engines": {
        "node": ">=22.0.0"
      }
    },
    "packages/target-api": {
      "name": "@tsonic/target-api",
      "version": "0.0.1",
      "dependencies": {
        "@tsonic/tsts": "0.0.0"
      },
      "engines": {
        "node": ">=22.0.0"
      }
    },
    "packages/tsts": {
      "name": "@tsonic/tsts",
      "version": "0.0.0",
      "bin": {
        "tsts": "dist/src/cli/index.js"
      }
    }
  }
}
