{
  "name": "first-next-ignored",
  "version": "1.0.0",
  "lockfileVersion": 3,
  "requires": true,
  "packages": {
    "": {
      "name": "first-next-ignored",
      "version": "1.0.0",
      "dependencies": {
        "@tsonic/dotnet": "^0.7.4",
        "@tsonic/dotnet-globals": "^0.2.0"
      }
    },
    "node_modules/@tsonic/dotnet": {
      "version": "0.7.4",
      "resolved": "https://registry.npmjs.org/@tsonic/dotnet/-/dotnet-0.7.4.tgz",
      "integrity": "sha512-tHQ7t0wkMNNUD7CCBjWJMA13lRz/kZ0btu+CPwrg9DrIIeQSC/K58euvw2mfqhTOZMvuPMN3FDrtwxOJkH226A==",
      "license": "MIT",
      "dependencies": {
        "@tsonic/types": "^0.2.0"
      }
    },
    "node_modules/@tsonic/dotnet-globals": {
      "version": "0.2.0",
      "resolved": "https://registry.npmjs.org/@tsonic/dotnet-globals/-/dotnet-globals-0.2.0.tgz",
      "integrity": "sha512-ZdAsrJMUQqS8sQDUM0LlUCHiULsMmwZM5OpkS9qdGMFf8DmH2LSyxdgbp+716AxyR5HlmDj0XdP0iFgro6vwsw==",
      "license": "MIT"
    },
    "node_modules/@tsonic/types": {
      "version": "0.2.1",
      "resolved": "https://registry.npmjs.org/@tsonic/types/-/types-0.2.1.tgz",
      "integrity": "sha512-yGrGybbDXZB0+wTmciDTWizgewXI+24dUkItsKHJMc5Vl627AsX/HUziK2dPIhaOl7trS+AR/PayGrVd++6u7w==",
      "license": "MIT"
    }
  }
}
