{
  "name": "tsonic-e2e-test",
  "version": "1.0.0",
  "lockfileVersion": 3,
  "requires": true,
  "packages": {
    "": {
      "name": "tsonic-e2e-test",
      "version": "1.0.0",
      "dependencies": {
        "@tsonic/dotnet": "^0.7.2",
        "@tsonic/dotnet-globals": "^0.1.2"
      }
    },
    "node_modules/@tsonic/dotnet": {
      "version": "0.7.2",
      "resolved": "https://registry.npmjs.org/@tsonic/dotnet/-/dotnet-0.7.2.tgz",
      "integrity": "sha512-KrHSd8mVm75uXvDO8dVcCDyU9xfiqkbdX7s/rxEPShT6W5A5G+MzrvTi/TcZVmAN7eNsQhs/4LVAfg0iEnatLQ==",
      "license": "MIT",
      "dependencies": {
        "@tsonic/types": "^0.2.0"
      }
    },
    "node_modules/@tsonic/dotnet-globals": {
      "version": "0.1.2",
      "resolved": "https://registry.npmjs.org/@tsonic/dotnet-globals/-/dotnet-globals-0.1.2.tgz",
      "integrity": "sha512-VJZr5ljccTmhCewr0nwEkZxLiPzZw0Tv2521X7JTbuqU4/H31ZJCaW8YnUnFul71+BcMHu1pXzGhRCt/jMgWSQ==",
      "license": "MIT"
    },
    "node_modules/@tsonic/types": {
      "version": "0.2.0",
      "resolved": "https://registry.npmjs.org/@tsonic/types/-/types-0.2.0.tgz",
      "integrity": "sha512-g0gAEG+wz/bL3PS45uIIRKEtOHn4UsCaqiWe3o0QUeqptYQ2j9NJK5wb4YJtHNVWqUsw5xkF02jJXO5Srqn7NQ==",
      "license": "MIT"
    }
  }
}
