{
  "name": "integer-casting-test",
  "version": "1.0.0",
  "lockfileVersion": 3,
  "requires": true,
  "packages": {
    "": {
      "name": "integer-casting-test",
      "version": "1.0.0",
      "dependencies": {
        "@tsonic/core": "*",
        "@tsonic/dotnet": "^0.7.4",
        "@tsonic/globals": "^0.1.0"
      }
    },
    "node_modules/@tsonic/core": {
      "version": "0.1.1",
      "resolved": "https://registry.npmjs.org/@tsonic/core/-/core-0.1.1.tgz",
      "integrity": "sha512-ERxg5Z594OT0wWYDXJKtGofLvK357LwkPHM2WwtlLXlQbuztsuZQF9OV62B5FdJb1xdU5h/iRX2o8GGIl1ddNA==",
      "license": "MIT"
    },
    "node_modules/@tsonic/dotnet": {
      "version": "0.7.9",
      "resolved": "https://registry.npmjs.org/@tsonic/dotnet/-/dotnet-0.7.9.tgz",
      "integrity": "sha512-edsicWNz3SZgsbu073DB5ZhCpNYRttIIkH7ohYYTe97DTfLID/e0PERFdF/FjY09/0btixU+I/+xCy//oYFSPA==",
      "license": "MIT",
      "peerDependencies": {
        "@tsonic/core": "^0.1.1"
      }
    },
    "node_modules/@tsonic/globals": {
      "version": "0.1.0",
      "resolved": "https://registry.npmjs.org/@tsonic/globals/-/globals-0.1.0.tgz",
      "integrity": "sha512-LGr1m5pi/zp/qOm0egyGjFIRGrWAusgapEUBc1XD6lfeXxY4eyXSge9eBL1bHzS4LYv4k7uW2fOR5DIvIPyd1A==",
      "license": "MIT"
    }
  }
}
