{
  "name": "integer-casting-test",
  "version": "1.0.0",
  "lockfileVersion": 3,
  "requires": true,
  "packages": {
    "": {
      "name": "integer-casting-test",
      "version": "1.0.0",
      "dependencies": {
        "@tsonic/dotnet": "^0.7.4",
        "@tsonic/globals": "^0.1.0",
        "@tsonic/types": "^0.3.1"
      }
    },
    "node_modules/@tsonic/dotnet": {
      "version": "0.7.4",
      "resolved": "https://registry.npmjs.org/@tsonic/dotnet/-/dotnet-0.7.4.tgz",
      "integrity": "sha512-tHQ7t0wkMNNUD7CCBjWJMA13lRz/kZ0btu+CPwrg9DrIIeQSC/K58euvw2mfqhTOZMvuPMN3FDrtwxOJkH226A==",
      "license": "MIT",
      "dependencies": {
        "@tsonic/types": "^0.2.0"
      }
    },
    "node_modules/@tsonic/dotnet/node_modules/@tsonic/types": {
      "version": "0.2.1",
      "resolved": "https://registry.npmjs.org/@tsonic/types/-/types-0.2.1.tgz",
      "integrity": "sha512-yGrGybbDXZB0+wTmciDTWizgewXI+24dUkItsKHJMc5Vl627AsX/HUziK2dPIhaOl7trS+AR/PayGrVd++6u7w==",
      "license": "MIT"
    },
    "node_modules/@tsonic/globals": {
      "version": "0.1.0",
      "resolved": "https://registry.npmjs.org/@tsonic/globals/-/globals-0.1.0.tgz",
      "integrity": "sha512-LGr1m5pi/zp/qOm0egyGjFIRGrWAusgapEUBc1XD6lfeXxY4eyXSge9eBL1bHzS4LYv4k7uW2fOR5DIvIPyd1A==",
      "license": "MIT"
    },
    "node_modules/@tsonic/types": {
      "version": "0.3.1",
      "resolved": "https://registry.npmjs.org/@tsonic/types/-/types-0.3.1.tgz",
      "integrity": "sha512-irXnopF+1PMPNUrtlSfploxEurZLPFntqd/YTCilh2uviyHS0mhMwG6u2ea6cVeAYfpw75q/EI6vbi8u7ImZCw==",
      "license": "MIT"
    }
  }
}
