{
  "name": "param-modifiers-test",
  "version": "1.0.0",
  "lockfileVersion": 3,
  "requires": true,
  "packages": {
    "": {
      "name": "param-modifiers-test",
      "version": "1.0.0",
      "dependencies": {
        "@tsonic/core": "*",
        "@tsonic/dotnet": "*",
        "@tsonic/globals": "*"
      }
    },
    "node_modules/@tsonic/core": {
      "version": "0.3.0",
      "resolved": "https://registry.npmjs.org/@tsonic/core/-/core-0.3.0.tgz",
      "integrity": "sha512-cBHHutDBEKaWzwjmpnnCTI3dS7yAO3s1hvLTvHWwzHMQ8qilRRvCHCPPaZmYdJsWhsbh8l9aSxz0MnSaZVJ73A==",
      "license": "MIT"
    },
    "node_modules/@tsonic/dotnet": {
      "version": "0.8.3",
      "resolved": "https://registry.npmjs.org/@tsonic/dotnet/-/dotnet-0.8.3.tgz",
      "integrity": "sha512-w+JFP4phDqCb89Cgi88v5HZYGRMEFa9HGz6hV+zadXu2VZyMewovMcyxJ4X+HBRb2Fs5Z+GANUlcjnZJqJlPTg==",
      "license": "MIT",
      "peerDependencies": {
        "@tsonic/core": "*"
      }
    },
    "node_modules/@tsonic/globals": {
      "version": "0.3.5",
      "resolved": "https://registry.npmjs.org/@tsonic/globals/-/globals-0.3.5.tgz",
      "integrity": "sha512-hxD5d53lXprsBEB6CJXO0GGZwIuFXA4eEHRWSkOCVQS8l666xWhj84j/66Ok15huBMI+zhxQyp8hKLUx34b79Q==",
      "license": "MIT",
      "dependencies": {
        "@tsonic/dotnet": "^0.8.1"
      }
    }
  }
}
