{
  "name": "linq-dotnet-test",
  "version": "1.0.0",
  "lockfileVersion": 3,
  "requires": true,
  "packages": {
    "": {
      "name": "linq-dotnet-test",
      "version": "1.0.0",
      "dependencies": {
        "@tsonic/dotnet": "^0.1.0",
        "@tsonic/dotnet-globals": "^0.1.2",
        "@tsonic/types": "^0.1.0"
      }
    },
    "node_modules/@tsonic/dotnet": {
      "version": "0.1.3",
      "resolved": "https://registry.npmjs.org/@tsonic/dotnet/-/dotnet-0.1.3.tgz",
      "integrity": "sha512-EkWHIyfCYtgilXBJcq6kLxuny4xSsYLOIlNF+c7Rm451RnDrnydomGCk8sCkvcz7JtuqpCFGpIYRpI7rOPSH6w==",
      "license": "MIT",
      "dependencies": {
        "@tsonic/types": "^0.1.1"
      }
    },
    "node_modules/@tsonic/dotnet-globals": {
      "version": "0.1.2",
      "resolved": "https://registry.npmjs.org/@tsonic/dotnet-globals/-/dotnet-globals-0.1.2.tgz",
      "integrity": "sha512-VJZr5ljccTmhCewr0nwEkZxLiPzZw0Tv2521X7JTbuqU4/H31ZJCaW8YnUnFul71+BcMHu1pXzGhRCt/jMgWSQ==",
      "license": "MIT"
    },
    "node_modules/@tsonic/types": {
      "version": "0.1.2",
      "resolved": "https://registry.npmjs.org/@tsonic/types/-/types-0.1.2.tgz",
      "integrity": "sha512-n+F+Sa0Lp/8frm+YfQbHwuvVS7/hFA2irZyWFPk8y4X6y+Ifepov+zU+rJ1TrGg0Tyons1C2ShijgwGOL+MDPw==",
      "license": "MIT"
    }
  }
}
